{
	"name": "@pile/button",
	"version": "1.0.0",
	"lockfileVersion": 1,
	"requires": true,
	"dependencies": {
		"@types/estree": {
			"version": "0.0.39",
			"resolved": "http://artifactory.intra.xiaojukeji.com:80/artifactory/api/npm/npm/@types/estree/-/estree-0.0.39.tgz",
			"integrity": "sha1-4Xfmme4bjCLSMXTKqnQiZEOJUJ8=",
			"dev": true
		},
		"@types/node": {
			"version": "10.12.15",
			"resolved": "http://artifactory.intra.xiaojukeji.com:80/artifactory/api/npm/npm/@types/node/-/node-10.12.15.tgz",
			"integrity": "sha1-IOhWUbYv2GZW5Xycm8dxqxVwvFk=",
			"dev": true
		},
		"js-tokens": {
			"version": "4.0.0",
			"resolved": "http://artifactory.intra.xiaojukeji.com:80/artifactory/api/npm/npm/js-tokens/-/js-tokens-4.0.0.tgz",
			"integrity": "sha1-GSA/tZmR35jjoocFDUZHzerzJJk="
		},
		"loose-envify": {
			"version": "1.4.0",
			"resolved": "http://artifactory.intra.xiaojukeji.com:80/artifactory/api/npm/npm/loose-envify/-/loose-envify-1.4.0.tgz",
			"integrity": "sha1-ce5R+nvkyuwaY4OffmgtgTLTDK8=",
			"requires": {
				"js-tokens": "4.0.0"
			}
		},
		"object-assign": {
			"version": "4.1.1",
			"resolved": "http://artifactory.intra.xiaojukeji.com:80/artifactory/api/npm/npm/object-assign/-/object-assign-4.1.1.tgz",
			"integrity": "sha1-IQmtx5ZYh8/AXLvUQsrIv7s2CGM="
		},
		"prop-types": {
			"version": "15.6.2",
			"resolved": "http://artifactory.intra.xiaojukeji.com:80/artifactory/api/npm/npm/prop-types/-/prop-types-15.6.2.tgz",
			"integrity": "sha1-BdXKd7RFPphdYPx/+MhZCUpJcQI=",
			"requires": {
				"loose-envify": "1.4.0",
				"object-assign": "4.1.1"
			}
		},
		"rollup": {
			"version": "0.68.0",
			"resolved": "http://artifactory.intra.xiaojukeji.com:80/artifactory/api/npm/npm/rollup/-/rollup-0.68.0.tgz",
			"integrity": "sha1-5PveLmJ4NUlivlMLSY/EhSmMD8M=",
			"dev": true,
			"requires": {
				"@types/estree": "0.0.39",
				"@types/node": "10.12.15"
			}
		}
	}
}
